# THIS IS AN AUTOGENERATED FILE. DO NOT EDIT THIS FILE DIRECTLY.
# yarn lockfile v1


"@pie-element/function-entry-controller@file:../node_modules/@pie-element/function-entry/controller":
  version "1.0.0"
  dependencies:
    "@pie-lib/feedback" "^0.4.1"
    debug "^3.1.0"
    mathjs "^4.1.1"

"@pie-lib/feedback@^0.4.1":
  version "0.4.1"
  resolved "https://registry.yarnpkg.com/@pie-lib/feedback/-/feedback-0.4.1.tgz#07daba2840166945bffadaa47355f91051506566"

complex.js@2.0.10:
  version "2.0.10"
  resolved "https://registry.yarnpkg.com/complex.js/-/complex.js-2.0.10.tgz#afac74e4fb9131e8709f9c300420ce58fa36f18d"

debug@^3.1.0:
  version "3.2.6"
  resolved "https://registry.yarnpkg.com/debug/-/debug-3.2.6.tgz#e83d17de16d8a7efb7717edbe5fb10135eee629b"
  dependencies:
    ms "^2.1.1"

decimal.js@9.0.1:
  version "9.0.1"
  resolved "https://registry.yarnpkg.com/decimal.js/-/decimal.js-9.0.1.tgz#1cc8b228177da7ab6498c1cc06eb130a290e6e1e"

escape-latex@1.0.3:
  version "1.0.3"
  resolved "https://registry.yarnpkg.com/escape-latex/-/escape-latex-1.0.3.tgz#1b9085e3e66570faabe21f05655643f64e78717a"

fraction.js@4.0.8:
  version "4.0.8"
  resolved "https://registry.yarnpkg.com/fraction.js/-/fraction.js-4.0.8.tgz#e53618112e3b36b348c61a81323173bceb01e418"

javascript-natural-sort@0.7.1:
  version "0.7.1"
  resolved "https://registry.yarnpkg.com/javascript-natural-sort/-/javascript-natural-sort-0.7.1.tgz#f9e2303d4507f6d74355a73664d1440fb5a0ef59"

mathjs@^4.1.1:
  version "4.4.2"
  resolved "https://registry.yarnpkg.com/mathjs/-/mathjs-4.4.2.tgz#79a5c8ad92a6434e22dbfac13e223a9bd62d6981"
  dependencies:
    complex.js "2.0.10"
    decimal.js "9.0.1"
    escape-latex "1.0.3"
    fraction.js "4.0.8"
    javascript-natural-sort "0.7.1"
    seed-random "2.2.0"
    tiny-emitter "2.0.2"
    typed-function "1.0.3"

ms@^2.1.1:
  version "2.1.1"
  resolved "https://registry.yarnpkg.com/ms/-/ms-2.1.1.tgz#30a5864eb3ebb0a66f2ebe6d727af06a09d86e0a"

seed-random@2.2.0:
  version "2.2.0"
  resolved "https://registry.yarnpkg.com/seed-random/-/seed-random-2.2.0.tgz#2a9b19e250a817099231a5b99a4daf80b7fbed54"

tiny-emitter@2.0.2:
  version "2.0.2"
  resolved "https://registry.yarnpkg.com/tiny-emitter/-/tiny-emitter-2.0.2.tgz#82d27468aca5ade8e5fd1e6d22b57dd43ebdfb7c"

typed-function@1.0.3:
  version "1.0.3"
  resolved "https://registry.yarnpkg.com/typed-function/-/typed-function-1.0.3.tgz#57026246214b664a5af45ef0a06679f4453bd090"
