# THIS IS AN AUTOGENERATED FILE. DO NOT EDIT THIS FILE DIRECTLY.
# yarn lockfile v1


"@pie-element/categorize-controller@file:../node_modules/@pie-element/categorize/controller":
  version "1.1.1"
  dependencies:
    "@pie-lib/categorize" "^0.4.1"
    "@pie-lib/feedback" "^0.4.1"
    debug "^3.1.0"

"@pie-lib/categorize@^0.4.1":
  version "0.4.2"
  resolved "https://registry.yarnpkg.com/@pie-lib/categorize/-/categorize-0.4.2.tgz#94e741210a78c1f8bf5e74c666a9926c3139875b"
  dependencies:
    debug "^3.1.0"
    lodash "^4.17.10"

"@pie-lib/feedback@^0.4.1":
  version "0.4.1"
  resolved "https://registry.yarnpkg.com/@pie-lib/feedback/-/feedback-0.4.1.tgz#07daba2840166945bffadaa47355f91051506566"

debug@^3.1.0:
  version "3.2.6"
  resolved "https://registry.yarnpkg.com/debug/-/debug-3.2.6.tgz#e83d17de16d8a7efb7717edbe5fb10135eee629b"
  dependencies:
    ms "^2.1.1"

lodash@^4.17.10:
  version "4.17.11"
  resolved "https://registry.yarnpkg.com/lodash/-/lodash-4.17.11.tgz#b39ea6229ef607ecd89e2c8df12536891cac9b8d"

ms@^2.1.1:
  version "2.1.1"
  resolved "https://registry.yarnpkg.com/ms/-/ms-2.1.1.tgz#30a5864eb3ebb0a66f2ebe6d727af06a09d86e0a"
